<?xml version="1.0" encoding="utf-8"?>
<Project ToolsVersion="4.0" xmlns="http://schemas.microsoft.com/developer/msbuild/2003">
  <ItemGroup>
    <Filter Include="소스 파일">
      <UniqueIdentifier>{4FC737F1-C7A5-4376-A066-2A32D752A2FF}</UniqueIdentifier>
      <Extensions>cpp;c;cc;cxx;c++;cppm;ixx;def;odl;idl;hpj;bat;asm;asmx</Extensions>
    </Filter>
    <Filter Include="헤더 파일">
      <UniqueIdentifier>{93995380-89BD-4b04-88EB-625FBE52EBFB}</UniqueIdentifier>
      <Extensions>h;hh;hpp;hxx;h++;hm;inl;inc;ipp;xsd</Extensions>
    </Filter>
    <Filter Include="리소스 파일">
      <UniqueIdentifier>{67DA6AB6-F800-4c08-8B7A-83BB121AAD01}</UniqueIdentifier>
      <Extensions>rc;ico;cur;bmp;dlg;rc2;rct;bin;rgs;gif;jpg;jpeg;jpe;resx;tiff;tif;png;wav;mfcribbon-ms</Extensions>
    </Filter>
    <Filter Include="소스 파일\Bruteforce">
      <UniqueIdentifier>{e251b04e-72ad-4fad-8797-e66ae9c4f620}</UniqueIdentifier>
    </Filter>
    <Filter Include="소스 파일\Greedy">
      <UniqueIdentifier>{e9db3df6-899c-4eb2-bff0-1967057f427e}</UniqueIdentifier>
    </Filter>
    <Filter Include="소스 파일\Basic Math">
      <UniqueIdentifier>{06d17853-4398-483e-8912-5b61930a5e8d}</UniqueIdentifier>
    </Filter>
    <Filter Include="소스 파일\Divide and Conquer">
      <UniqueIdentifier>{60ee979a-b075-435a-a621-e38450bb58be}</UniqueIdentifier>
    </Filter>
    <Filter Include="소스 파일\Priority Queue">
      <UniqueIdentifier>{8b56e5c0-c871-4104-98d4-5f067803afa3}</UniqueIdentifier>
    </Filter>
    <Filter Include="소스 파일\Dynamic Programming">
      <UniqueIdentifier>{ff814fdb-3017-4762-83ab-cbcea2f7c679}</UniqueIdentifier>
    </Filter>
    <Filter Include="소스 파일\Segment Tree">
      <UniqueIdentifier>{727c7edd-05b5-4c41-a591-6aa74adc5ff4}</UniqueIdentifier>
    </Filter>
    <Filter Include="소스 파일\미분류">
      <UniqueIdentifier>{8f3a04ce-6dda-4f5c-a711-4ee40f221fec}</UniqueIdentifier>
    </Filter>
    <Filter Include="소스 파일\Backtracking">
      <UniqueIdentifier>{19a6c88e-de25-49a3-b9a8-59d2a275f770}</UniqueIdentifier>
    </Filter>
    <Filter Include="소스 파일\Binary Search">
      <UniqueIdentifier>{606d052f-3961-4b19-9024-2879bbbb2313}</UniqueIdentifier>
    </Filter>
    <Filter Include="소스 파일\Graph">
      <UniqueIdentifier>{ab65e918-d465-469c-9363-7b4fe18a8891}</UniqueIdentifier>
    </Filter>
    <Filter Include="소스 파일\trie">
      <UniqueIdentifier>{e0465245-6c18-4b4a-88a6-ad67920608fc}</UniqueIdentifier>
    </Filter>
    <Filter Include="소스 파일\bitmask">
      <UniqueIdentifier>{9898eff7-a7c4-4c2a-aeaf-3c450a4362b4}</UniqueIdentifier>
    </Filter>
    <Filter Include="소스 파일\BFS">
      <UniqueIdentifier>{4432d61f-55b4-4a38-bf41-d5187d63b816}</UniqueIdentifier>
    </Filter>
    <Filter Include="소스 파일\DFS">
      <UniqueIdentifier>{ad79135f-df4e-4856-8b2c-7949c17cf450}</UniqueIdentifier>
    </Filter>
    <Filter Include="소스 파일\Sort">
      <UniqueIdentifier>{59131106-4634-4aeb-95ea-a25b43ab8423}</UniqueIdentifier>
    </Filter>
  </ItemGroup>
  <ItemGroup>
    <ClCompile Include="3085 - 사탕 게임.cpp">
      <Filter>소스 파일\Bruteforce</Filter>
    </ClCompile>
    <ClCompile Include="10448 - 유레카 이론.cpp">
      <Filter>소스 파일\Bruteforce</Filter>
    </ClCompile>
    <ClCompile Include="2503 - 숫자 야구.cpp">
      <Filter>소스 파일\Bruteforce</Filter>
    </ClCompile>
    <ClCompile Include="4796 - 캠핑.cpp">
      <Filter>소스 파일\Greedy</Filter>
    </ClCompile>
    <ClCompile Include="1449 - 수리공 항승.cpp">
      <Filter>소스 파일\Greedy</Filter>
    </ClCompile>
    <ClCompile Include="11047 - 동전 0.cpp">
      <Filter>소스 파일\Greedy</Filter>
    </ClCompile>
    <ClCompile Include="1011 - Fly me to the Alpha Centauri.cpp">
      <Filter>소스 파일\Basic Math</Filter>
    </ClCompile>
    <ClCompile Include="3009 - 네 번째 점.cpp">
      <Filter>소스 파일\Basic Math</Filter>
    </ClCompile>
    <ClCompile Include="3053 - 택시 기하학.cpp">
      <Filter>소스 파일\Basic Math</Filter>
    </ClCompile>
    <ClCompile Include="1931 - 회의실 배정.cpp">
      <Filter>소스 파일\Greedy</Filter>
    </ClCompile>
    <ClCompile Include="1629 - 곱셈.cpp">
      <Filter>소스 파일\Divide and Conquer</Filter>
    </ClCompile>
    <ClCompile Include="2104 - 부분배열 고르기.cpp">
      <Filter>소스 파일\Divide and Conquer</Filter>
    </ClCompile>
    <ClCompile Include="6549 - 히스토그램에서 가장 큰 직사각형.cpp">
      <Filter>소스 파일\Divide and Conquer</Filter>
    </ClCompile>
    <ClCompile Include="1780 - 종이의 개수.cpp">
      <Filter>소스 파일\Divide and Conquer</Filter>
    </ClCompile>
    <ClCompile Include="1992 - 쿼드트리.cpp">
      <Filter>소스 파일\Divide and Conquer</Filter>
    </ClCompile>
    <ClCompile Include="11000 - 강의실 배정.cpp">
      <Filter>소스 파일\Greedy</Filter>
    </ClCompile>
    <ClCompile Include="1655 - 가운데를 말해요.cpp">
      <Filter>소스 파일\Priority Queue</Filter>
    </ClCompile>
    <ClCompile Include="11279 - 최대 힙.cpp">
      <Filter>소스 파일\Priority Queue</Filter>
    </ClCompile>
    <ClCompile Include="1927 - 최소 힙.cpp">
      <Filter>소스 파일\Priority Queue</Filter>
    </ClCompile>
    <ClCompile Include="11286 - 절댓값 힙.cpp">
      <Filter>소스 파일\Priority Queue</Filter>
    </ClCompile>
    <ClCompile Include="1715 - 카드 정렬하기.cpp">
      <Filter>소스 파일\Priority Queue</Filter>
    </ClCompile>
    <ClCompile Include="2042 - 구간 합 구하기.cpp">
      <Filter>소스 파일\Segment Tree</Filter>
    </ClCompile>
    <ClCompile Include="2193 - 이친수.cpp">
      <Filter>소스 파일\Dynamic Programming</Filter>
    </ClCompile>
    <ClCompile Include="1904 - 01타일.cpp">
      <Filter>소스 파일\Dynamic Programming</Filter>
    </ClCompile>
    <ClCompile Include="11726 - 2xn 타일링.cpp">
      <Filter>소스 파일\Dynamic Programming</Filter>
    </ClCompile>
    <ClCompile Include="11727 - 2xn 타일링 2.cpp">
      <Filter>소스 파일\Dynamic Programming</Filter>
    </ClCompile>
    <ClCompile Include="18870 - 좌표 압축.cpp">
      <Filter>소스 파일\미분류</Filter>
    </ClCompile>
    <ClCompile Include="7662 - 이중 우선순위 큐.cpp">
      <Filter>소스 파일\Priority Queue</Filter>
    </ClCompile>
    <ClCompile Include="9465 - 스티커.cpp">
      <Filter>소스 파일\Dynamic Programming</Filter>
    </ClCompile>
    <ClCompile Include="2294 - 동전 2.cpp">
      <Filter>소스 파일\Dynamic Programming</Filter>
    </ClCompile>
    <ClCompile Include="11660 - 구간 합 구하기 5.cpp">
      <Filter>소스 파일\Dynamic Programming</Filter>
    </ClCompile>
    <ClCompile Include="11659 - 구간 합 구하기 4.cpp">
      <Filter>소스 파일\미분류</Filter>
    </ClCompile>
    <ClCompile Include="16953 - A → B.cpp">
      <Filter>소스 파일\Graph</Filter>
    </ClCompile>
    <ClCompile Include="1932 - 정수 삼각형.cpp">
      <Filter>소스 파일\Dynamic Programming</Filter>
    </ClCompile>
    <ClCompile Include="2407 - 조합.cpp">
      <Filter>소스 파일\Basic Math</Filter>
    </ClCompile>
    <ClCompile Include="5052 - 전화번호 목록.cpp">
      <Filter>소스 파일\trie</Filter>
    </ClCompile>
    <ClCompile Include="1764 - 듣보잡.cpp">
      <Filter>소스 파일\미분류</Filter>
    </ClCompile>
    <ClCompile Include="1194 - 달이 차오른다, 가자.cpp">
      <Filter>소스 파일\bitmask</Filter>
    </ClCompile>
    <ClCompile Include="2667 - 단지번호붙이기.cpp">
      <Filter>소스 파일\DFS</Filter>
    </ClCompile>
    <ClCompile Include="10026 - 적록색약.cpp">
      <Filter>소스 파일\DFS</Filter>
    </ClCompile>
    <ClCompile Include="1987 - 알파벳.cpp">
      <Filter>소스 파일\bitmask</Filter>
    </ClCompile>
    <ClCompile Include="11054 - 가장 긴 바이토닉 부분 수열.cpp">
      <Filter>소스 파일\Dynamic Programming</Filter>
    </ClCompile>
    <ClCompile Include="16496 - 큰 수 만들기.cpp">
      <Filter>소스 파일\Sort</Filter>
    </ClCompile>
    <ClCompile Include="1520 - 내리막 길.cpp">
      <Filter>소스 파일\Dynamic Programming</Filter>
    </ClCompile>
    <ClCompile Include="test.cpp">
      <Filter>소스 파일\미분류</Filter>
    </ClCompile>
    <ClCompile Include="2178 - 미로 탐색.cpp">
      <Filter>소스 파일\BFS</Filter>
    </ClCompile>
    <ClCompile Include="5014 - 스타트링크.cpp">
      <Filter>소스 파일\BFS</Filter>
    </ClCompile>
    <ClCompile Include="6593 - 상범 빌딩.cpp">
      <Filter>소스 파일\BFS</Filter>
    </ClCompile>
    <ClCompile Include="1697 - 숨바꼭질.cpp">
      <Filter>소스 파일\BFS</Filter>
    </ClCompile>
    <ClCompile Include="12851 - 숨바꼭질2.cpp">
      <Filter>소스 파일\BFS</Filter>
    </ClCompile>
    <ClCompile Include="5427 - 불.cpp">
      <Filter>소스 파일\BFS</Filter>
    </ClCompile>
    <ClCompile Include="3055 - 탈출.cpp">
      <Filter>소스 파일\BFS</Filter>
    </ClCompile>
    <ClCompile Include="2357 - 최솟값과 최댓값.cpp">
      <Filter>소스 파일\Segment Tree</Filter>
    </ClCompile>
    <ClCompile Include="14438 - 수열과 쿼리 17.cpp">
      <Filter>소스 파일\Segment Tree</Filter>
    </ClCompile>
    <ClCompile Include="12837 - 가계부 (Hard).cpp">
      <Filter>소스 파일\Segment Tree</Filter>
    </ClCompile>
    <ClCompile Include="10868 - 최솟값.cpp">
      <Filter>소스 파일\Segment Tree</Filter>
    </ClCompile>
    <ClCompile Include="1275 - 커피숍2.cpp">
      <Filter>소스 파일\Segment Tree</Filter>
    </ClCompile>
    <ClCompile Include="2268 - 수들의 합 7.cpp">
      <Filter>소스 파일\Segment Tree</Filter>
    </ClCompile>
    <ClCompile Include="3006 - 터보소트.cpp">
      <Filter>소스 파일\Segment Tree</Filter>
    </ClCompile>
    <ClCompile Include="2166 - 다각형의 면적.cpp">
      <Filter>소스 파일\미분류</Filter>
    </ClCompile>
    <ClCompile Include="3653 - 영화 수집.cpp">
      <Filter>소스 파일\Segment Tree</Filter>
    </ClCompile>
    <ClCompile Include="9466 - 텀 프로젝트.cpp">
      <Filter>소스 파일\DFS</Filter>
    </ClCompile>
    <ClCompile Include="4179 - 불!.cpp">
      <Filter>소스 파일\BFS</Filter>
    </ClCompile>
    <ClCompile Include="15650 - N과 M (2).cpp">
      <Filter>소스 파일\Backtracking</Filter>
    </ClCompile>
    <ClCompile Include="15652 - N과 M %284%29.cpp">
      <Filter>소스 파일\Backtracking</Filter>
    </ClCompile>
    <ClCompile Include="15651 - N과 M (3).cpp">
      <Filter>소스 파일\Backtracking</Filter>
    </ClCompile>
    <ClCompile Include="15657 - N과 M %288%29.cpp">
      <Filter>소스 파일\Backtracking</Filter>
    </ClCompile>
    <ClCompile Include="1753 - 최단경로.cpp">
      <Filter>소스 파일\Graph</Filter>
    </ClCompile>
    <ClCompile Include="2206 - 벽 부수고 이동하기.cpp">
      <Filter>소스 파일\BFS</Filter>
    </ClCompile>
    <ClCompile Include="9251 - LCS.cpp">
      <Filter>소스 파일\Dynamic Programming</Filter>
    </ClCompile>
    <ClCompile Include="15653 - N과 M (5).cpp">
      <Filter>소스 파일\Backtracking</Filter>
    </ClCompile>
  </ItemGroup>
  <ItemGroup>
    <Text Include="bitmask.txt">
      <Filter>소스 파일\bitmask</Filter>
    </Text>
  </ItemGroup>
</Project>