<?xml version="1.0" encoding="utf-8"?>
<Project ToolsVersion="4.0" xmlns="http://schemas.microsoft.com/developer/msbuild/2003">
  <ItemGroup>
    <Filter Include="소스 파일">
      <UniqueIdentifier>{4FC737F1-C7A5-4376-A066-2A32D752A2FF}</UniqueIdentifier>
      <Extensions>cpp;c;cc;cxx;c++;cppm;ixx;def;odl;idl;hpj;bat;asm;asmx</Extensions>
    </Filter>
    <Filter Include="헤더 파일">
      <UniqueIdentifier>{93995380-89BD-4b04-88EB-625FBE52EBFB}</UniqueIdentifier>
      <Extensions>h;hh;hpp;hxx;h++;hm;inl;inc;ipp;xsd</Extensions>
    </Filter>
    <Filter Include="리소스 파일">
      <UniqueIdentifier>{67DA6AB6-F800-4c08-8B7A-83BB121AAD01}</UniqueIdentifier>
      <Extensions>rc;ico;cur;bmp;dlg;rc2;rct;bin;rgs;gif;jpg;jpeg;jpe;resx;tiff;tif;png;wav;mfcribbon-ms</Extensions>
    </Filter>
    <Filter Include="소스 파일\Bruteforce">
      <UniqueIdentifier>{e251b04e-72ad-4fad-8797-e66ae9c4f620}</UniqueIdentifier>
    </Filter>
    <Filter Include="소스 파일\Greedy">
      <UniqueIdentifier>{e9db3df6-899c-4eb2-bff0-1967057f427e}</UniqueIdentifier>
    </Filter>
    <Filter Include="소스 파일\Divide and Conquer">
      <UniqueIdentifier>{60ee979a-b075-435a-a621-e38450bb58be}</UniqueIdentifier>
    </Filter>
    <Filter Include="소스 파일\Priority Queue">
      <UniqueIdentifier>{8b56e5c0-c871-4104-98d4-5f067803afa3}</UniqueIdentifier>
    </Filter>
    <Filter Include="소스 파일\Dynamic Programming">
      <UniqueIdentifier>{ff814fdb-3017-4762-83ab-cbcea2f7c679}</UniqueIdentifier>
    </Filter>
    <Filter Include="소스 파일\Segment Tree">
      <UniqueIdentifier>{727c7edd-05b5-4c41-a591-6aa74adc5ff4}</UniqueIdentifier>
    </Filter>
    <Filter Include="소스 파일\미분류">
      <UniqueIdentifier>{8f3a04ce-6dda-4f5c-a711-4ee40f221fec}</UniqueIdentifier>
    </Filter>
    <Filter Include="소스 파일\Backtracking">
      <UniqueIdentifier>{19a6c88e-de25-49a3-b9a8-59d2a275f770}</UniqueIdentifier>
    </Filter>
    <Filter Include="소스 파일\Binary Search">
      <UniqueIdentifier>{606d052f-3961-4b19-9024-2879bbbb2313}</UniqueIdentifier>
    </Filter>
    <Filter Include="소스 파일\Graph">
      <UniqueIdentifier>{ab65e918-d465-469c-9363-7b4fe18a8891}</UniqueIdentifier>
    </Filter>
    <Filter Include="소스 파일\trie">
      <UniqueIdentifier>{e0465245-6c18-4b4a-88a6-ad67920608fc}</UniqueIdentifier>
    </Filter>
    <Filter Include="소스 파일\bitmask">
      <UniqueIdentifier>{9898eff7-a7c4-4c2a-aeaf-3c450a4362b4}</UniqueIdentifier>
    </Filter>
    <Filter Include="소스 파일\BFS">
      <UniqueIdentifier>{4432d61f-55b4-4a38-bf41-d5187d63b816}</UniqueIdentifier>
    </Filter>
    <Filter Include="소스 파일\DFS">
      <UniqueIdentifier>{ad79135f-df4e-4856-8b2c-7949c17cf450}</UniqueIdentifier>
    </Filter>
    <Filter Include="소스 파일\Sort">
      <UniqueIdentifier>{59131106-4634-4aeb-95ea-a25b43ab8423}</UniqueIdentifier>
    </Filter>
    <Filter Include="소스 파일\Segment Tree\Lazy Propagation">
      <UniqueIdentifier>{ffdf83ff-4926-4d07-8e90-10fc76a4cc93}</UniqueIdentifier>
    </Filter>
    <Filter Include="소스 파일\Segment Tree\Offline Query">
      <UniqueIdentifier>{3ca245b3-feb5-4fe0-8088-956c37335358}</UniqueIdentifier>
    </Filter>
    <Filter Include="소스 파일\hash_set">
      <UniqueIdentifier>{0623a75b-b828-4fb8-8b3c-afdfe6d0b0fc}</UniqueIdentifier>
    </Filter>
    <Filter Include="소스 파일\Geometry">
      <UniqueIdentifier>{74d5d983-ef7b-448e-b918-72565b604d34}</UniqueIdentifier>
    </Filter>
    <Filter Include="소스 파일\Dijkstra">
      <UniqueIdentifier>{95245f0d-6a04-4a10-beba-f495aeffd200}</UniqueIdentifier>
    </Filter>
    <Filter Include="소스 파일\Minimum Spanning Tree">
      <UniqueIdentifier>{07cd6b91-4024-4224-8040-eff74cc14ea3}</UniqueIdentifier>
    </Filter>
    <Filter Include="소스 파일\Union Find">
      <UniqueIdentifier>{b35cd51d-7ba3-49a6-ad3f-95fa8adb6bef}</UniqueIdentifier>
    </Filter>
    <Filter Include="소스 파일\Topological Sort">
      <UniqueIdentifier>{7cfa7db4-e6fb-494e-aa4a-64cfb2aa50ba}</UniqueIdentifier>
    </Filter>
    <Filter Include="소스 파일\Math">
      <UniqueIdentifier>{06d17853-4398-483e-8912-5b61930a5e8d}</UniqueIdentifier>
    </Filter>
    <Filter Include="소스 파일\Recursion">
      <UniqueIdentifier>{7097e0c4-6bfa-4568-9fff-de77ff0228e7}</UniqueIdentifier>
    </Filter>
    <Filter Include="소스 파일\Stack">
      <UniqueIdentifier>{9546d20b-f17c-412b-97d3-b1a0d35c551e}</UniqueIdentifier>
    </Filter>
    <Filter Include="소스 파일\Floyd-Warshall">
      <UniqueIdentifier>{6d07cb68-32f9-425f-8260-3faedaddd9cb}</UniqueIdentifier>
    </Filter>
    <Filter Include="소스 파일\KMP">
      <UniqueIdentifier>{4147ca3c-046e-40be-bf38-c9e91d721289}</UniqueIdentifier>
    </Filter>
    <Filter Include="소스 파일\Aho-Corasick">
      <UniqueIdentifier>{53cca118-d063-4c20-9cd2-0382cc5fba60}</UniqueIdentifier>
    </Filter>
    <Filter Include="소스 파일\Simulation">
      <UniqueIdentifier>{67f760e4-45ab-4fdb-a327-062cca0b9802}</UniqueIdentifier>
    </Filter>
    <Filter Include="소스 파일\Deque">
      <UniqueIdentifier>{136347ec-5c37-46da-baef-feff5f186226}</UniqueIdentifier>
    </Filter>
  </ItemGroup>
  <ItemGroup>
    <ClCompile Include="3085 - 사탕 게임.cpp">
      <Filter>소스 파일\Bruteforce</Filter>
    </ClCompile>
    <ClCompile Include="10448 - 유레카 이론.cpp">
      <Filter>소스 파일\Bruteforce</Filter>
    </ClCompile>
    <ClCompile Include="2503 - 숫자 야구.cpp">
      <Filter>소스 파일\Bruteforce</Filter>
    </ClCompile>
    <ClCompile Include="4796 - 캠핑.cpp">
      <Filter>소스 파일\Greedy</Filter>
    </ClCompile>
    <ClCompile Include="1449 - 수리공 항승.cpp">
      <Filter>소스 파일\Greedy</Filter>
    </ClCompile>
    <ClCompile Include="11047 - 동전 0.cpp">
      <Filter>소스 파일\Greedy</Filter>
    </ClCompile>
    <ClCompile Include="1011 - Fly me to the Alpha Centauri.cpp">
      <Filter>소스 파일\Math</Filter>
    </ClCompile>
    <ClCompile Include="3009 - 네 번째 점.cpp">
      <Filter>소스 파일\Math</Filter>
    </ClCompile>
    <ClCompile Include="3053 - 택시 기하학.cpp">
      <Filter>소스 파일\Math</Filter>
    </ClCompile>
    <ClCompile Include="1931 - 회의실 배정.cpp">
      <Filter>소스 파일\Greedy</Filter>
    </ClCompile>
    <ClCompile Include="1629 - 곱셈.cpp">
      <Filter>소스 파일\Divide and Conquer</Filter>
    </ClCompile>
    <ClCompile Include="6549 - 히스토그램에서 가장 큰 직사각형.cpp">
      <Filter>소스 파일\Divide and Conquer</Filter>
    </ClCompile>
    <ClCompile Include="1780 - 종이의 개수.cpp">
      <Filter>소스 파일\Divide and Conquer</Filter>
    </ClCompile>
    <ClCompile Include="1992 - 쿼드트리.cpp">
      <Filter>소스 파일\Divide and Conquer</Filter>
    </ClCompile>
    <ClCompile Include="11000 - 강의실 배정.cpp">
      <Filter>소스 파일\Greedy</Filter>
    </ClCompile>
    <ClCompile Include="1655 - 가운데를 말해요.cpp">
      <Filter>소스 파일\Priority Queue</Filter>
    </ClCompile>
    <ClCompile Include="11279 - 최대 힙.cpp">
      <Filter>소스 파일\Priority Queue</Filter>
    </ClCompile>
    <ClCompile Include="1927 - 최소 힙.cpp">
      <Filter>소스 파일\Priority Queue</Filter>
    </ClCompile>
    <ClCompile Include="11286 - 절댓값 힙.cpp">
      <Filter>소스 파일\Priority Queue</Filter>
    </ClCompile>
    <ClCompile Include="1715 - 카드 정렬하기.cpp">
      <Filter>소스 파일\Priority Queue</Filter>
    </ClCompile>
    <ClCompile Include="2042 - 구간 합 구하기.cpp">
      <Filter>소스 파일\Segment Tree</Filter>
    </ClCompile>
    <ClCompile Include="2193 - 이친수.cpp">
      <Filter>소스 파일\Dynamic Programming</Filter>
    </ClCompile>
    <ClCompile Include="1904 - 01타일.cpp">
      <Filter>소스 파일\Dynamic Programming</Filter>
    </ClCompile>
    <ClCompile Include="11726 - 2xn 타일링.cpp">
      <Filter>소스 파일\Dynamic Programming</Filter>
    </ClCompile>
    <ClCompile Include="11727 - 2xn 타일링 2.cpp">
      <Filter>소스 파일\Dynamic Programming</Filter>
    </ClCompile>
    <ClCompile Include="18870 - 좌표 압축.cpp">
      <Filter>소스 파일\미분류</Filter>
    </ClCompile>
    <ClCompile Include="7662 - 이중 우선순위 큐.cpp">
      <Filter>소스 파일\Priority Queue</Filter>
    </ClCompile>
    <ClCompile Include="9465 - 스티커.cpp">
      <Filter>소스 파일\Dynamic Programming</Filter>
    </ClCompile>
    <ClCompile Include="2294 - 동전 2.cpp">
      <Filter>소스 파일\Dynamic Programming</Filter>
    </ClCompile>
    <ClCompile Include="11660 - 구간 합 구하기 5.cpp">
      <Filter>소스 파일\Dynamic Programming</Filter>
    </ClCompile>
    <ClCompile Include="11659 - 구간 합 구하기 4.cpp">
      <Filter>소스 파일\미분류</Filter>
    </ClCompile>
    <ClCompile Include="16953 - A → B.cpp">
      <Filter>소스 파일\Graph</Filter>
    </ClCompile>
    <ClCompile Include="1932 - 정수 삼각형.cpp">
      <Filter>소스 파일\Dynamic Programming</Filter>
    </ClCompile>
    <ClCompile Include="2407 - 조합.cpp">
      <Filter>소스 파일\Math</Filter>
    </ClCompile>
    <ClCompile Include="5052 - 전화번호 목록.cpp">
      <Filter>소스 파일\trie</Filter>
    </ClCompile>
    <ClCompile Include="1764 - 듣보잡.cpp">
      <Filter>소스 파일\미분류</Filter>
    </ClCompile>
    <ClCompile Include="1194 - 달이 차오른다, 가자.cpp">
      <Filter>소스 파일\bitmask</Filter>
    </ClCompile>
    <ClCompile Include="2667 - 단지번호붙이기.cpp">
      <Filter>소스 파일\DFS</Filter>
    </ClCompile>
    <ClCompile Include="10026 - 적록색약.cpp">
      <Filter>소스 파일\DFS</Filter>
    </ClCompile>
    <ClCompile Include="1987 - 알파벳.cpp">
      <Filter>소스 파일\bitmask</Filter>
    </ClCompile>
    <ClCompile Include="11054 - 가장 긴 바이토닉 부분 수열.cpp">
      <Filter>소스 파일\Dynamic Programming</Filter>
    </ClCompile>
    <ClCompile Include="16496 - 큰 수 만들기.cpp">
      <Filter>소스 파일\Sort</Filter>
    </ClCompile>
    <ClCompile Include="1520 - 내리막 길.cpp">
      <Filter>소스 파일\Dynamic Programming</Filter>
    </ClCompile>
    <ClCompile Include="2178 - 미로 탐색.cpp">
      <Filter>소스 파일\BFS</Filter>
    </ClCompile>
    <ClCompile Include="5014 - 스타트링크.cpp">
      <Filter>소스 파일\BFS</Filter>
    </ClCompile>
    <ClCompile Include="6593 - 상범 빌딩.cpp">
      <Filter>소스 파일\BFS</Filter>
    </ClCompile>
    <ClCompile Include="1697 - 숨바꼭질.cpp">
      <Filter>소스 파일\BFS</Filter>
    </ClCompile>
    <ClCompile Include="12851 - 숨바꼭질2.cpp">
      <Filter>소스 파일\BFS</Filter>
    </ClCompile>
    <ClCompile Include="5427 - 불.cpp">
      <Filter>소스 파일\BFS</Filter>
    </ClCompile>
    <ClCompile Include="3055 - 탈출.cpp">
      <Filter>소스 파일\BFS</Filter>
    </ClCompile>
    <ClCompile Include="2357 - 최솟값과 최댓값.cpp">
      <Filter>소스 파일\Segment Tree</Filter>
    </ClCompile>
    <ClCompile Include="14438 - 수열과 쿼리 17.cpp">
      <Filter>소스 파일\Segment Tree</Filter>
    </ClCompile>
    <ClCompile Include="12837 - 가계부 (Hard).cpp">
      <Filter>소스 파일\Segment Tree</Filter>
    </ClCompile>
    <ClCompile Include="10868 - 최솟값.cpp">
      <Filter>소스 파일\Segment Tree</Filter>
    </ClCompile>
    <ClCompile Include="1275 - 커피숍2.cpp">
      <Filter>소스 파일\Segment Tree</Filter>
    </ClCompile>
    <ClCompile Include="2268 - 수들의 합 7.cpp">
      <Filter>소스 파일\Segment Tree</Filter>
    </ClCompile>
    <ClCompile Include="3006 - 터보소트.cpp">
      <Filter>소스 파일\Segment Tree</Filter>
    </ClCompile>
    <ClCompile Include="3653 - 영화 수집.cpp">
      <Filter>소스 파일\Segment Tree</Filter>
    </ClCompile>
    <ClCompile Include="9466 - 텀 프로젝트.cpp">
      <Filter>소스 파일\DFS</Filter>
    </ClCompile>
    <ClCompile Include="4179 - 불!.cpp">
      <Filter>소스 파일\BFS</Filter>
    </ClCompile>
    <ClCompile Include="15650 - N과 M (2).cpp">
      <Filter>소스 파일\Backtracking</Filter>
    </ClCompile>
    <ClCompile Include="15652 - N과 M %284%29.cpp">
      <Filter>소스 파일\Backtracking</Filter>
    </ClCompile>
    <ClCompile Include="15651 - N과 M (3).cpp">
      <Filter>소스 파일\Backtracking</Filter>
    </ClCompile>
    <ClCompile Include="15657 - N과 M %288%29.cpp">
      <Filter>소스 파일\Backtracking</Filter>
    </ClCompile>
    <ClCompile Include="2206 - 벽 부수고 이동하기.cpp">
      <Filter>소스 파일\BFS</Filter>
    </ClCompile>
    <ClCompile Include="9251 - LCS.cpp">
      <Filter>소스 파일\Dynamic Programming</Filter>
    </ClCompile>
    <ClCompile Include="15653 - N과 M (5).cpp">
      <Filter>소스 파일\Backtracking</Filter>
    </ClCompile>
    <ClCompile Include="15663 - N과 M (9).cpp">
      <Filter>소스 파일\Backtracking</Filter>
    </ClCompile>
    <ClCompile Include="1753 - 최단경로.cpp">
      <Filter>소스 파일\Dijkstra</Filter>
    </ClCompile>
    <ClCompile Include="1916 - 최소비용 구하기.cpp">
      <Filter>소스 파일\Dijkstra</Filter>
    </ClCompile>
    <ClCompile Include="1504 - 특정한 최단 경로.cpp">
      <Filter>소스 파일\Dijkstra</Filter>
    </ClCompile>
    <ClCompile Include="1238 - 파티.cpp">
      <Filter>소스 파일\Dijkstra</Filter>
    </ClCompile>
    <ClCompile Include="18436 - 수열과 쿼리 37.cpp">
      <Filter>소스 파일\Segment Tree</Filter>
    </ClCompile>
    <ClCompile Include="14428 - 수열과 쿼리 16.cpp">
      <Filter>소스 파일\Segment Tree</Filter>
    </ClCompile>
    <ClCompile Include="2104 - 부분배열 고르기.cpp">
      <Filter>소스 파일\Segment Tree</Filter>
    </ClCompile>
    <ClCompile Include="1989 - 부분배열 고르기 2.cpp">
      <Filter>소스 파일\Segment Tree</Filter>
    </ClCompile>
    <ClCompile Include="11505 - 구간 곱 구하기.cpp">
      <Filter>소스 파일\Segment Tree</Filter>
    </ClCompile>
    <ClCompile Include="5676 - 음주 코딩.cpp">
      <Filter>소스 파일\Segment Tree</Filter>
    </ClCompile>
    <ClCompile Include="1395 - 스위치.cpp">
      <Filter>소스 파일\Segment Tree\Lazy Propagation</Filter>
    </ClCompile>
    <ClCompile Include="10999 - 구간 합 구하기 2.cpp">
      <Filter>소스 파일\Segment Tree\Lazy Propagation</Filter>
    </ClCompile>
    <ClCompile Include="12844 - XOR.cpp">
      <Filter>소스 파일\Segment Tree\Lazy Propagation</Filter>
    </ClCompile>
    <ClCompile Include="14245 - XOR.cpp">
      <Filter>소스 파일\Segment Tree\Lazy Propagation</Filter>
    </ClCompile>
    <ClCompile Include="16975 - 수열과 쿼리 21.cpp">
      <Filter>소스 파일\Segment Tree\Lazy Propagation</Filter>
    </ClCompile>
    <ClCompile Include="17353 - 하늘에서 떨어지는 1, 2, ,,, R-L+1개의 별.cpp">
      <Filter>소스 파일\Segment Tree\Lazy Propagation</Filter>
    </ClCompile>
    <ClCompile Include="17474 - 수열과 쿼리 26.cpp">
      <Filter>소스 파일\Segment Tree\Lazy Propagation</Filter>
    </ClCompile>
    <ClCompile Include="14427 - 수열과 쿼리 15.cpp">
      <Filter>소스 파일\Segment Tree</Filter>
    </ClCompile>
    <ClCompile Include="1517 - 버블 소트.cpp">
      <Filter>소스 파일\Segment Tree</Filter>
    </ClCompile>
    <ClCompile Include="16978 - 수열과 쿼리 22.cpp">
      <Filter>소스 파일\Segment Tree\Offline Query</Filter>
    </ClCompile>
    <ClCompile Include="15967 - 에바쿰.cpp">
      <Filter>소스 파일\Segment Tree\Lazy Propagation</Filter>
    </ClCompile>
    <ClCompile Include="13547 - 수열과 쿼리 5.cpp">
      <Filter>소스 파일\Segment Tree\Offline Query</Filter>
    </ClCompile>
    <ClCompile Include="13548 - 수열과 쿼리 6.cpp">
      <Filter>소스 파일\Segment Tree\Offline Query</Filter>
    </ClCompile>
    <ClCompile Include="2517 - 달리기.cpp">
      <Filter>소스 파일\Segment Tree</Filter>
    </ClCompile>
    <ClCompile Include="17408 - 수열과 쿼리 24.cpp">
      <Filter>소스 파일\Segment Tree</Filter>
    </ClCompile>
    <ClCompile Include="13546 - 수열과 쿼리 4.cpp">
      <Filter>소스 파일\Segment Tree\Offline Query</Filter>
    </ClCompile>
    <ClCompile Include="13545 - 수열과 쿼리 0.cpp">
      <Filter>소스 파일\Segment Tree\Offline Query</Filter>
    </ClCompile>
    <ClCompile Include="16993 - 연속합과 쿼리.cpp">
      <Filter>소스 파일\Segment Tree</Filter>
    </ClCompile>
    <ClCompile Include="13925- 수열과 쿼리 13.cpp">
      <Filter>소스 파일\Segment Tree\Lazy Propagation</Filter>
    </ClCompile>
    <ClCompile Include="6213 - Balanced Lineup.cpp">
      <Filter>소스 파일\Segment Tree</Filter>
    </ClCompile>
    <ClCompile Include="14425 - 문자열 집합.cpp">
      <Filter>소스 파일\hash_set</Filter>
    </ClCompile>
    <ClCompile Include="1269 - 대칭 차집합.cpp">
      <Filter>소스 파일\hash_set</Filter>
    </ClCompile>
    <ClCompile Include="1002 - 터렛.cpp">
      <Filter>소스 파일\Geometry</Filter>
    </ClCompile>
    <ClCompile Include="1912 - 연속합.cpp">
      <Filter>소스 파일\Dynamic Programming</Filter>
    </ClCompile>
    <ClCompile Include="2805 - 나무 자르기.cpp">
      <Filter>소스 파일\Binary Search</Filter>
    </ClCompile>
    <ClCompile Include="1261 - 알고스팟.cpp">
      <Filter>소스 파일\Dijkstra</Filter>
    </ClCompile>
    <ClCompile Include="4485 - 녹색 옷 입은 애가 젤다지.cpp">
      <Filter>소스 파일\Dijkstra</Filter>
    </ClCompile>
    <ClCompile Include="1162 - 도로포장.cpp">
      <Filter>소스 파일\Dijkstra</Filter>
    </ClCompile>
    <ClCompile Include="1759 - 암호 만들기.cpp">
      <Filter>소스 파일\Backtracking</Filter>
    </ClCompile>
    <ClCompile Include="1197 - 최소 스패닝 트리.cpp">
      <Filter>소스 파일\Minimum Spanning Tree</Filter>
    </ClCompile>
    <ClCompile Include="1717 - 집합의 표현.cpp">
      <Filter>소스 파일\Union Find</Filter>
    </ClCompile>
    <ClCompile Include="1976 - 여행 가자.cpp">
      <Filter>소스 파일\Union Find</Filter>
    </ClCompile>
    <ClCompile Include="4195 - 친구 네트워크.cpp">
      <Filter>소스 파일\Union Find</Filter>
    </ClCompile>
    <ClCompile Include="16562 - 친구비.cpp">
      <Filter>소스 파일\Union Find</Filter>
    </ClCompile>
    <ClCompile Include="20040 - 사이클 게임.cpp">
      <Filter>소스 파일\Union Find</Filter>
    </ClCompile>
    <ClCompile Include="1922 - 네트워크 연결.cpp">
      <Filter>소스 파일\Minimum Spanning Tree</Filter>
    </ClCompile>
    <ClCompile Include="6497 - 전력난.cpp">
      <Filter>소스 파일\Minimum Spanning Tree</Filter>
    </ClCompile>
    <ClCompile Include="1647 - 도시 분할 계획.cpp">
      <Filter>소스 파일\Minimum Spanning Tree</Filter>
    </ClCompile>
    <ClCompile Include="2166 - 다각형의 면적.cpp">
      <Filter>소스 파일\Geometry</Filter>
    </ClCompile>
    <ClCompile Include="1311 - 할 일 정하기 1.cpp">
      <Filter>소스 파일\bitmask</Filter>
    </ClCompile>
    <ClCompile Include="2098 - 외판원 순회.cpp">
      <Filter>소스 파일\bitmask</Filter>
    </ClCompile>
    <ClCompile Include="1562 - 계단 수.cpp">
      <Filter>소스 파일\bitmask</Filter>
    </ClCompile>
    <ClCompile Include="2342 - Dance Dance Revolution.cpp">
      <Filter>소스 파일\Dynamic Programming</Filter>
    </ClCompile>
    <ClCompile Include="10942 - 팰린드롬.cpp">
      <Filter>소스 파일\Dynamic Programming</Filter>
    </ClCompile>
    <ClCompile Include="1149 - RGB거리.cpp">
      <Filter>소스 파일\Dynamic Programming</Filter>
    </ClCompile>
    <ClCompile Include="17404 - RGB거리 2.cpp">
      <Filter>소스 파일\Dynamic Programming</Filter>
    </ClCompile>
    <ClCompile Include="1006 - 습격자 초라기.cpp">
      <Filter>소스 파일\Dynamic Programming</Filter>
    </ClCompile>
    <ClCompile Include="2623 - 음악프로그램.cpp">
      <Filter>소스 파일\Topological Sort</Filter>
    </ClCompile>
    <ClCompile Include="2252 - 줄 세우기.cpp">
      <Filter>소스 파일\Topological Sort</Filter>
    </ClCompile>
    <ClCompile Include="1766 - 문제집.cpp">
      <Filter>소스 파일\Topological Sort</Filter>
    </ClCompile>
    <ClCompile Include="4386 - 별자리 만들기.cpp">
      <Filter>소스 파일\Minimum Spanning Tree</Filter>
    </ClCompile>
    <ClCompile Include="1806 - 부분합.cpp">
      <Filter>소스 파일\미분류</Filter>
    </ClCompile>
    <ClCompile Include="10844 - 쉬운 계단 수.cpp">
      <Filter>소스 파일\Dynamic Programming</Filter>
    </ClCompile>
    <ClCompile Include="2579 - 계단 오르기.cpp">
      <Filter>소스 파일\Dynamic Programming</Filter>
    </ClCompile>
    <ClCompile Include="5430 - AC.cpp">
      <Filter>소스 파일\미분류</Filter>
    </ClCompile>
    <ClCompile Include="23971 - ZOAC 4.cpp">
      <Filter>소스 파일\미분류</Filter>
    </ClCompile>
    <ClCompile Include="19532 - 수학은 비대면강의입니다.cpp">
      <Filter>소스 파일\Bruteforce</Filter>
    </ClCompile>
    <ClCompile Include="7785 - 회사에 있는 사람.cpp">
      <Filter>소스 파일\hash_set</Filter>
    </ClCompile>
    <ClCompile Include="11478 - 서로 다른 부분 문자열의 개수.cpp">
      <Filter>소스 파일\hash_set</Filter>
    </ClCompile>
    <ClCompile Include="24060 - 알고리즘 수업 - 병합 정렬 1.cpp">
      <Filter>소스 파일\Recursion</Filter>
    </ClCompile>
    <ClCompile Include="4779 - 칸토어 집합.cpp">
      <Filter>소스 파일\Recursion</Filter>
    </ClCompile>
    <ClCompile Include="Re 1149 - RGB거리.cpp">
      <Filter>소스 파일\Dynamic Programming</Filter>
    </ClCompile>
    <ClCompile Include="11053 - 가장 긴 증가하는 부분 수열.cpp">
      <Filter>소스 파일\Dynamic Programming</Filter>
    </ClCompile>
    <ClCompile Include="12865 - 평범한 배낭.cpp">
      <Filter>소스 파일\Dynamic Programming</Filter>
    </ClCompile>
    <ClCompile Include="2133 - 타일 채우기.cpp">
      <Filter>소스 파일\Dynamic Programming</Filter>
    </ClCompile>
    <ClCompile Include="1676 - 팩토리얼 0의 개수.cpp">
      <Filter>소스 파일\Math</Filter>
    </ClCompile>
    <ClCompile Include="4949 - 균형잡힌 세상.cpp">
      <Filter>소스 파일\Stack</Filter>
    </ClCompile>
    <ClCompile Include="12919 - A와 B 2.cpp">
      <Filter>소스 파일\Bruteforce</Filter>
    </ClCompile>
    <ClCompile Include="2606 - 바이러스.cpp">
      <Filter>소스 파일\Graph</Filter>
    </ClCompile>
    <ClCompile Include="11725 - 트리의 부모 찾기.cpp">
      <Filter>소스 파일\Graph</Filter>
    </ClCompile>
    <ClCompile Include="1260 - DFS와 BFS.cpp">
      <Filter>소스 파일\BFS</Filter>
    </ClCompile>
    <ClCompile Include="1991 - 트리 순회.cpp">
      <Filter>소스 파일\Recursion</Filter>
    </ClCompile>
    <ClCompile Include="9935 - 문자열 폭발.cpp">
      <Filter>소스 파일\Stack</Filter>
    </ClCompile>
    <ClCompile Include="17298 - 오큰수.cpp">
      <Filter>소스 파일\Stack</Filter>
    </ClCompile>
    <ClCompile Include="17299 - 오등큰수.cpp">
      <Filter>소스 파일\Stack</Filter>
    </ClCompile>
    <ClCompile Include="14940 - 쉬운 최단거리.cpp">
      <Filter>소스 파일\BFS</Filter>
    </ClCompile>
    <ClCompile Include="11404 - 플로이드.cpp">
      <Filter>소스 파일\Floyd-Warshall</Filter>
    </ClCompile>
    <ClCompile Include="14938 - 서강그라운드.cpp">
      <Filter>소스 파일\Floyd-Warshall</Filter>
    </ClCompile>
    <ClCompile Include="1389 - 케빈 베이컨의 6단계 법칙.cpp">
      <Filter>소스 파일\Floyd-Warshall</Filter>
    </ClCompile>
    <ClCompile Include="1786 - 찾기.cpp">
      <Filter>소스 파일\KMP</Filter>
    </ClCompile>
    <ClCompile Include="9250 - 문자열 집합 판별.cpp">
      <Filter>소스 파일\Aho-Corasick</Filter>
    </ClCompile>
    <ClCompile Include="14500 - 테트로미노.cpp">
      <Filter>소스 파일\Simulation</Filter>
    </ClCompile>
    <ClCompile Include="10431 - 줄세우기.cpp">
      <Filter>소스 파일\Simulation</Filter>
    </ClCompile>
    <ClCompile Include="8979 - 올림픽.cpp">
      <Filter>소스 파일\Sort</Filter>
    </ClCompile>
    <ClCompile Include="4659 - 비밀번호 발음하기.cpp">
      <Filter>소스 파일\미분류</Filter>
    </ClCompile>
    <ClCompile Include="25757 - 임스와 함께하는 미니게임.cpp">
      <Filter>소스 파일\hash_set</Filter>
    </ClCompile>
    <ClCompile Include="20125 - 쿠키의 신체 측정.cpp">
      <Filter>소스 파일\미분류</Filter>
    </ClCompile>
    <ClCompile Include="1205 - 등수 구하기.cpp">
      <Filter>소스 파일\미분류</Filter>
    </ClCompile>
    <ClCompile Include="1921 - 그림.cpp">
      <Filter>소스 파일\BFS</Filter>
    </ClCompile>
    <ClCompile Include="main.cpp">
      <Filter>소스 파일\미분류</Filter>
    </ClCompile>
    <ClCompile Include="3237 - 두 수의 합.cpp">
      <Filter>소스 파일\Sort</Filter>
    </ClCompile>
    <ClCompile Include="5397 - 키로거.cpp">
      <Filter>소스 파일\Sort</Filter>
    </ClCompile>
    <ClCompile Include="1021 - 회전하는 큐.cpp">
      <Filter>소스 파일\Deque</Filter>
    </ClCompile>
    <ClCompile Include="2493 - 탑.cpp">
      <Filter>소스 파일\Stack</Filter>
    </ClCompile>
  </ItemGroup>
  <ItemGroup>
    <Text Include="bitmask.txt">
      <Filter>소스 파일\bitmask</Filter>
    </Text>
  </ItemGroup>
</Project>